// !$*UTF8*$!
{
	archiveVersion = 1;
	classes = {
	};
	objectVersion = 50;
	objects = {

/* Begin PBXBuildFile section */
		59AF47A42334735D001E89E1 /* AppDelegate.swift in Sources */ = {isa = PBXBuildFile; fileRef = 59AF47A32334735D001E89E1 /* AppDelegate.swift */; };
		59AF47A62334735D001E89E1 /* ViewController.swift in Sources */ = {isa = PBXBuildFile; fileRef = 59AF47A52334735D001E89E1 /* ViewController.swift */; };
		59AF47A92334735D001E89E1 /* Main.storyboard in Resources */ = {isa = PBXBuildFile; fileRef = 59AF47A72334735D001E89E1 /* Main.storyboard */; };
		59AF47AB2334735E001E89E1 /* Assets.xcassets in Resources */ = {isa = PBXBuildFile; fileRef = 59AF47AA2334735E001E89E1 /* Assets.xcassets */; };
		59AF47AE2334735E001E89E1 /* LaunchScreen.storyboard in Resources */ = {isa = PBXBuildFile; fileRef = 59AF47AC2334735E001E89E1 /* LaunchScreen.storyboard */; };
		59AF47B92334735E001E89E1 /* realWorldTests.swift in Sources */ = {isa = PBXBuildFile; fileRef = 59AF47B82334735E001E89E1 /* realWorldTests.swift */; };
		59AF47C42334735E001E89E1 /* realWorldUITests.swift in Sources */ = {isa = PBXBuildFile; fileRef = 59AF47C32334735E001E89E1 /* realWorldUITests.swift */; };
		59FCB9C6233B054A00645C32 /* README.md in Resources */ = {isa = PBXBuildFile; fileRef = 59FCB9C5233B054A00645C32 /* README.md */; };
/* End PBXBuildFile section */

/* Begin PBXContainerItemProxy section */
		59AF47B52334735E001E89E1 /* PBXContainerItemProxy */ = {
			isa = PBXContainerItemProxy;
			containerPortal = 59AF47982334735D001E89E1 /* Project object */;
			proxyType = 1;
			remoteGlobalIDString = 59AF479F2334735D001E89E1;
			remoteInfo = realWorld;
		};
		59AF47C02334735E001E89E1 /* PBXContainerItemProxy */ = {
			isa = PBXContainerItemProxy;
			containerPortal = 59AF47982334735D001E89E1 /* Project object */;
			proxyType = 1;
			remoteGlobalIDString = 59AF479F2334735D001E89E1;
			remoteInfo = realWorld;
		};
/* End PBXContainerItemProxy section */

/* Begin PBXFileReference section */
		59AF47A02334735D001E89E1 /* realWorld.app */ = {isa = PBXFileReference; explicitFileType = wrapper.application; includeInIndex = 0; path = realWorld.app; sourceTree = BUILT_PRODUCTS_DIR; };
		59AF47A32334735D001E89E1 /* AppDelegate.swift */ = {isa = PBXFileReference; lastKnownFileType = sourcecode.swift; path = AppDelegate.swift; sourceTree = "<group>"; };
		59AF47A52334735D001E89E1 /* ViewController.swift */ = {isa = PBXFileReference; lastKnownFileType = sourcecode.swift; path = ViewController.swift; sourceTree = "<group>"; };
		59AF47A82334735D001E89E1 /* Base */ = {isa = PBXFileReference; lastKnownFileType = file.storyboard; name = Base; path = Base.lproj/Main.storyboard; sourceTree = "<group>"; };
		59AF47AA2334735E001E89E1 /* Assets.xcassets */ = {isa = PBXFileReference; lastKnownFileType = folder.assetcatalog; path = Assets.xcassets; sourceTree = "<group>"; };
		59AF47AD2334735E001E89E1 /* Base */ = {isa = PBXFileReference; lastKnownFileType = file.storyboard; name = Base; path = Base.lproj/LaunchScreen.storyboard; sourceTree = "<group>"; };
		59AF47AF2334735E001E89E1 /* Info.plist */ = {isa = PBXFileReference; lastKnownFileType = text.plist.xml; path = Info.plist; sourceTree = "<group>"; };
		59AF47B42334735E001E89E1 /* realWorldTests.xctest */ = {isa = PBXFileReference; explicitFileType = wrapper.cfbundle; includeInIndex = 0; path = realWorldTests.xctest; sourceTree = BUILT_PRODUCTS_DIR; };
		59AF47B82334735E001E89E1 /* realWorldTests.swift */ = {isa = PBXFileReference; lastKnownFileType = sourcecode.swift; path = realWorldTests.swift; sourceTree = "<group>"; };
		59AF47BA2334735E001E89E1 /* Info.plist */ = {isa = PBXFileReference; lastKnownFileType = text.plist.xml; path = Info.plist; sourceTree = "<group>"; };
		59AF47BF2334735E001E89E1 /* realWorldUITests.xctest */ = {isa = PBXFileReference; explicitFileType = wrapper.cfbundle; includeInIndex = 0; path = realWorldUITests.xctest; sourceTree = BUILT_PRODUCTS_DIR; };
		59AF47C32334735E001E89E1 /* realWorldUITests.swift */ = {isa = PBXFileReference; lastKnownFileType = sourcecode.swift; path = realWorldUITests.swift; sourceTree = "<group>"; };
		59AF47C52334735E001E89E1 /* Info.plist */ = {isa = PBXFileReference; lastKnownFileType = text.plist.xml; path = Info.plist; sourceTree = "<group>"; };
		59FCB9C5233B054A00645C32 /* README.md */ = {isa = PBXFileReference; fileEncoding = 4; lastKnownFileType = net.daringfireball.markdown; path = README.md; sourceTree = "<group>"; };
/* End PBXFileReference section */

/* Begin PBXFrameworksBuildPhase section */
		59AF479D2334735D001E89E1 /* Frameworks */ = {
			isa = PBXFrameworksBuildPhase;
			buildActionMask = 2147483647;
			files = (
			);
			runOnlyForDeploymentPostprocessing = 0;
		};
		59AF47B12334735E001E89E1 /* Frameworks */ = {
			isa = PBXFrameworksBuildPhase;
			buildActionMask = 2147483647;
			files = (
			);
			runOnlyForDeploymentPostprocessing = 0;
		};
		59AF47BC2334735E001E89E1 /* Frameworks */ = {
			isa = PBXFrameworksBuildPhase;
			buildActionMask = 2147483647;
			files = (
			);
			runOnlyForDeploymentPostprocessing = 0;
		};
/* End PBXFrameworksBuildPhase section */

/* Begin PBXGroup section */
		59AF47972334735D001E89E1 = {
			isa = PBXGroup;
			children = (
				59FCB9C5233B054A00645C32 /* README.md */,
				59AF47A22334735D001E89E1 /* realWorld */,
				59AF47B72334735E001E89E1 /* realWorldTests */,
				59AF47C22334735E001E89E1 /* realWorldUITests */,
				59AF47A12334735D001E89E1 /* Products */,
			);
			sourceTree = "<group>";
		};
		59AF47A12334735D001E89E1 /* Products */ = {
			isa = PBXGroup;
			children = (
				59AF47A02334735D001E89E1 /* realWorld.app */,
				59AF47B42334735E001E89E1 /* realWorldTests.xctest */,
				59AF47BF2334735E001E89E1 /* realWorldUITests.xctest */,
			);
			name = Products;
			sourceTree = "<group>";
		};
		59AF47A22334735D001E89E1 /* realWorld */ = {
			isa = PBXGroup;
			children = (
				59AF47A32334735D001E89E1 /* AppDelegate.swift */,
				59AF47A52334735D001E89E1 /* ViewController.swift */,
				59AF47A72334735D001E89E1 /* Main.storyboard */,
				59AF47AA2334735E001E89E1 /* Assets.xcassets */,
				59AF47AC2334735E001E89E1 /* LaunchScreen.storyboard */,
				59AF47AF2334735E001E89E1 /* Info.plist */,
			);
			path = realWorld;
			sourceTree = "<group>";
		};
		59AF47B72334735E001E89E1 /* realWorldTests */ = {
			isa = PBXGroup;
			children = (
				59AF47B82334735E001E89E1 /* realWorldTests.swift */,
				59AF47BA2334735E001E89E1 /* Info.plist */,
			);
			path = realWorldTests;
			sourceTree = "<group>";
		};
		59AF47C22334735E001E89E1 /* realWorldUITests */ = {
			isa = PBXGroup;
			children = (
				59AF47C32334735E001E89E1 /* realWorldUITests.swift */,
				59AF47C52334735E001E89E1 /* Info.plist */,
			);
			path = realWorldUITests;
			sourceTree = "<group>";
		};
/* End PBXGroup section */

/* Begin PBXNativeTarget section */
		59AF479F2334735D001E89E1 /* realWorld */ = {
			isa = PBXNativeTarget;
			buildConfigurationList = 59AF47C82334735E001E89E1 /* Build configuration list for PBXNativeTarget "realWorld" */;
			buildPhases = (
				59AF479C2334735D001E89E1 /* Sources */,
				59AF479D2334735D001E89E1 /* Frameworks */,
				59AF479E2334735D001E89E1 /* Resources */,
			);
			buildRules = (
			);
			dependencies = (
			);
			name = realWorld;
			productName = realWorld;
			productReference = 59AF47A02334735D001E89E1 /* realWorld.app */;
			productType = "com.apple.product-type.application";
		};
		59AF47B32334735E001E89E1 /* realWorldTests */ = {
			isa = PBXNativeTarget;
			buildConfigurationList = 59AF47CB2334735E001E89E1 /* Build configuration list for PBXNativeTarget "realWorldTests" */;
			buildPhases = (
				59AF47B02334735E001E89E1 /* Sources */,
				59AF47B12334735E001E89E1 /* Frameworks */,
				59AF47B22334735E001E89E1 /* Resources */,
			);
			buildRules = (
			);
			dependencies = (
				59AF47B62334735E001E89E1 /* PBXTargetDependency */,
			);
			name = realWorldTests;
			productName = realWorldTests;
			productReference = 59AF47B42334735E001E89E1 /* realWorldTests.xctest */;
			productType = "com.apple.product-type.bundle.unit-test";
		};
		59AF47BE2334735E001E89E1 /* realWorldUITests */ = {
			isa = PBXNativeTarget;
			buildConfigurationList = 59AF47CE2334735E001E89E1 /* Build configuration list for PBXNativeTarget "realWorldUITests" */;
			buildPhases = (
				59AF47BB2334735E001E89E1 /* Sources */,
				59AF47BC2334735E001E89E1 /* Frameworks */,
				59AF47BD2334735E001E89E1 /* Resources */,
			);
			buildRules = (
			);
			dependencies = (
				59AF47C12334735E001E89E1 /* PBXTargetDependency */,
			);
			name = realWorldUITests;
			productName = realWorldUITests;
			productReference = 59AF47BF2334735E001E89E1 /* realWorldUITests.xctest */;
			productType = "com.apple.product-type.bundle.ui-testing";
		};
/* End PBXNativeTarget section */

/* Begin PBXProject section */
		59AF47982334735D001E89E1 /* Project object */ = {
			isa = PBXProject;
			attributes = {
				LastSwiftUpdateCheck = 1030;
				LastUpgradeCheck = 1030;
				ORGANIZATIONNAME = aiQG_;
				TargetAttributes = {
					59AF479F2334735D001E89E1 = {
						CreatedOnToolsVersion = 10.3;
					};
					59AF47B32334735E001E89E1 = {
						CreatedOnToolsVersion = 10.3;
						TestTargetID = 59AF479F2334735D001E89E1;
					};
					59AF47BE2334735E001E89E1 = {
						CreatedOnToolsVersion = 10.3;
						TestTargetID = 59AF479F2334735D001E89E1;
					};
				};
			};
			buildConfigurationList = 59AF479B2334735D001E89E1 /* Build configuration list for PBXProject "realWorld" */;
			compatibilityVersion = "Xcode 9.3";
			developmentRegion = en;
			hasScannedForEncodings = 0;
			knownRegions = (
				en,
				Base,
			);
			mainGroup = 59AF47972334735D001E89E1;
			productRefGroup = 59AF47A12334735D001E89E1 /* Products */;
			projectDirPath = "";
			projectRoot = "";
			targets = (
				59AF479F2334735D001E89E1 /* realWorld */,
				59AF47B32334735E001E89E1 /* realWorldTests */,
				59AF47BE2334735E001E89E1 /* realWorldUITests */,
			);
		};
/* End PBXProject section */

/* Begin PBXResourcesBuildPhase section */
		59AF479E2334735D001E89E1 /* Resources */ = {
			isa = PBXResourcesBuildPhase;
			buildActionMask = 2147483647;
			files = (
				59AF47AE2334735E001E89E1 /* LaunchScreen.storyboard in Resources */,
				59AF47AB2334735E001E89E1 /* Assets.xcassets in Resources */,
				59FCB9C6233B054A00645C32 /* README.md in Resources */,
				59AF47A92334735D001E89E1 /* Main.storyboard in Resources */,
			);
			runOnlyForDeploymentPostprocessing = 0;
		};
		59AF47B22334735E001E89E1 /* Resources */ = {
			isa = PBXResourcesBuildPhase;
			buildActionMask = 2147483647;
			files = (
			);
			runOnlyForDeploymentPostprocessing = 0;
		};
		59AF47BD2334735E001E89E1 /* Resources */ = {
			isa = PBXResourcesBuildPhase;
			buildActionMask = 2147483647;
			files = (
			);
			runOnlyForDeploymentPostprocessing = 0;
		};
/* End PBXResourcesBuildPhase section */

/* Begin PBXSourcesBuildPhase section */
		59AF479C2334735D001E89E1 /* Sources */ = {
			isa = PBXSourcesBuildPhase;
			buildActionMask = 2147483647;
			files = (
				59AF47A62334735D001E89E1 /* ViewController.swift in Sources */,
				59AF47A42334735D001E89E1 /* AppDelegate.swift in Sources */,
			);
			runOnlyForDeploymentPostprocessing = 0;
		};
		59AF47B02334735E001E89E1 /* Sources */ = {
			isa = PBXSourcesBuildPhase;
			buildActionMask = 2147483647;
			files = (
				59AF47B92334735E001E89E1 /* realWorldTests.swift in Sources */,
			);
			runOnlyForDeploymentPostprocessing = 0;
		};
		59AF47BB2334735E001E89E1 /* Sources */ = {
			isa = PBXSourcesBuildPhase;
			buildActionMask = 2147483647;
			files = (
				59AF47C42334735E001E89E1 /* realWorldUITests.swift in Sources */,
			);
			runOnlyForDeploymentPostprocessing = 0;
		};
/* End PBXSourcesBuildPhase section */

/* Begin PBXTargetDependency section */
		59AF47B62334735E001E89E1 /* PBXTargetDependency */ = {
			isa = PBXTargetDependency;
			target = 59AF479F2334735D001E89E1 /* realWorld */;
			targetProxy = 59AF47B52334735E001E89E1 /* PBXContainerItemProxy */;
		};
		59AF47C12334735E001E89E1 /* PBXTargetDependency */ = {
			isa = PBXTargetDependency;
			target = 59AF479F2334735D001E89E1 /* realWorld */;
			targetProxy = 59AF47C02334735E001E89E1 /* PBXContainerItemProxy */;
		};
/* End PBXTargetDependency section */

/* Begin PBXVariantGroup section */
		59AF47A72334735D001E89E1 /* Main.storyboard */ = {
			isa = PBXVariantGroup;
			children = (
				59AF47A82334735D001E89E1 /* Base */,
			);
			name = Main.storyboard;
			sourceTree = "<group>";
		};
		59AF47AC2334735E001E89E1 /* LaunchScreen.storyboard */ = {
			isa = PBXVariantGroup;
			children = (
				59AF47AD2334735E001E89E1 /* Base */,
			);
			name = LaunchScreen.storyboard;
			sourceTree = "<group>";
		};
/* End PBXVariantGroup section */

/* Begin XCBuildConfiguration section */
		59AF47C62334735E001E89E1 /* Debug */ = {
			isa = XCBuildConfiguration;
			buildSettings = {
				ALWAYS_SEARCH_USER_PATHS = NO;
				CLANG_ANALYZER_NONNULL = YES;
				CLANG_ANALYZER_NUMBER_OBJECT_CONVERSION = YES_AGGRESSIVE;
				CLANG_CXX_LANGUAGE_STANDARD = "gnu++14";
				CLANG_CXX_LIBRARY = "libc++";
				CLANG_ENABLE_MODULES = YES;
				CLANG_ENABLE_OBJC_ARC = YES;
				CLANG_ENABLE_OBJC_WEAK = YES;
				CLANG_WARN_BLOCK_CAPTURE_AUTORELEASING = YES;
				CLANG_WARN_BOOL_CONVERSION = YES;
				CLANG_WARN_COMMA = YES;
				CLANG_WARN_CONSTANT_CONVERSION = YES;
				CLANG_WARN_DEPRECATED_OBJC_IMPLEMENTATIONS = YES;
				CLANG_WARN_DIRECT_OBJC_ISA_USAGE = YES_ERROR;
				CLANG_WARN_DOCUMENTATION_COMMENTS = YES;
				CLANG_WARN_EMPTY_BODY = YES;
				CLANG_WARN_ENUM_CONVERSION = YES;
				CLANG_WARN_INFINITE_RECURSION = YES;
				CLANG_WARN_INT_CONVERSION = YES;
				CLANG_WARN_NON_LITERAL_NULL_CONVERSION = YES;
				CLANG_WARN_OBJC_IMPLICIT_RETAIN_SELF = YES;
				CLANG_WARN_OBJC_LITERAL_CONVERSION = YES;
				CLANG_WARN_OBJC_ROOT_CLASS = YES_ERROR;
				CLANG_WARN_RANGE_LOOP_ANALYSIS = YES;
				CLANG_WARN_STRICT_PROTOTYPES = YES;
				CLANG_WARN_SUSPICIOUS_MOVE = YES;
				CLANG_WARN_UNGUARDED_AVAILABILITY = YES_AGGRESSIVE;
				CLANG_WARN_UNREACHABLE_CODE = YES;
				CLANG_WARN__DUPLICATE_METHOD_MATCH = YES;
				CODE_SIGN_IDENTITY = "iPhone Developer";
				COPY_PHASE_STRIP = NO;
				DEBUG_INFORMATION_FORMAT = dwarf;
				ENABLE_STRICT_OBJC_MSGSEND = YES;
				ENABLE_TESTABILITY = YES;
				GCC_C_LANGUAGE_STANDARD = gnu11;
				GCC_DYNAMIC_NO_PIC = NO;
				GCC_NO_COMMON_BLOCKS = YES;
				GCC_OPTIMIZATION_LEVEL = 0;
				GCC_PREPROCESSOR_DEFINITIONS = (
					"DEBUG=1",
					"$(inherited)",
				);
				GCC_WARN_64_TO_32_BIT_CONVERSION = YES;
				GCC_WARN_ABOUT_RETURN_TYPE = YES_ERROR;
				GCC_WARN_UNDECLARED_SELECTOR = YES;
				GCC_WARN_UNINITIALIZED_AUTOS = YES_AGGRESSIVE;
				GCC_WARN_UNUSED_FUNCTION = YES;
				GCC_WARN_UNUSED_VARIABLE = YES;
				IPHONEOS_DEPLOYMENT_TARGET = 12.4;
				MTL_ENABLE_DEBUG_INFO = INCLUDE_SOURCE;
				MTL_FAST_MATH = YES;
				ONLY_ACTIVE_ARCH = YES;
				SDKROOT = iphoneos;
				SWIFT_ACTIVE_COMPILATION_CONDITIONS = DEBUG;
				SWIFT_OPTIMIZATION_LEVEL = "-Onone";
			};
			name = Debug;
		};
		59AF47C72334735E001E89E1 /* Release */ = {
			isa = XCBuildConfiguration;
			buildSettings = {
				ALWAYS_SEARCH_USER_PATHS = NO;
				CLANG_ANALYZER_NONNULL = YES;
				CLANG_ANALYZER_NUMBER_OBJECT_CONVERSION = YES_AGGRESSIVE;
				CLANG_CXX_LANGUAGE_STANDARD = "gnu++14";
				CLANG_CXX_LIBRARY = "libc++";
				CLANG_ENABLE_MODULES = YES;
				CLANG_ENABLE_OBJC_ARC = YES;
				CLANG_ENABLE_OBJC_WEAK = YES;
				CLANG_WARN_BLOCK_CAPTURE_AUTORELEASING = YES;
				CLANG_WARN_BOOL_CONVERSION = YES;
				CLANG_WARN_COMMA = YES;
				CLANG_WARN_CONSTANT_CONVERSION = YES;
				CLANG_WARN_DEPRECATED_OBJC_IMPLEMENTATIONS = YES;
				CLANG_WARN_DIRECT_OBJC_ISA_USAGE = YES_ERROR;
				CLANG_WARN_DOCUMENTATION_COMMENTS = YES;
				CLANG_WARN_EMPTY_BODY = YES;
				CLANG_WARN_ENUM_CONVERSION = YES;
				CLANG_WARN_INFINITE_RECURSION = YES;
				CLANG_WARN_INT_CONVERSION = YES;
				CLANG_WARN_NON_LITERAL_NULL_CONVERSION = YES;
				CLANG_WARN_OBJC_IMPLICIT_RETAIN_SELF = YES;
				CLANG_WARN_OBJC_LITERAL_CONVERSION = YES;
				CLANG_WARN_OBJC_ROOT_CLASS = YES_ERROR;
				CLANG_WARN_RANGE_LOOP_ANALYSIS = YES;
				CLANG_WARN_STRICT_PROTOTYPES = YES;
				CLANG_WARN_SUSPICIOUS_MOVE = YES;
				CLANG_WARN_UNGUARDED_AVAILABILITY = YES_AGGRESSIVE;
				CLANG_WARN_UNREACHABLE_CODE = YES;
				CLANG_WARN__DUPLICATE_METHOD_MATCH = YES;
				CODE_SIGN_IDENTITY = "iPhone Developer";
				COPY_PHASE_STRIP = NO;
				DEBUG_INFORMATION_FORMAT = "dwarf-with-dsym";
				ENABLE_NS_ASSERTIONS = NO;
				ENABLE_STRICT_OBJC_MSGSEND = YES;
				GCC_C_LANGUAGE_STANDARD = gnu11;
				GCC_NO_COMMON_BLOCKS = YES;
				GCC_WARN_64_TO_32_BIT_CONVERSION = YES;
				GCC_WARN_ABOUT_RETURN_TYPE = YES_ERROR;
				GCC_WARN_UNDECLARED_SELECTOR = YES;
				GCC_WARN_UNINITIALIZED_AUTOS = YES_AGGRESSIVE;
				GCC_WARN_UNUSED_FUNCTION = YES;
				GCC_WARN_UNUSED_VARIABLE = YES;
				IPHONEOS_DEPLOYMENT_TARGET = 12.4;
				MTL_ENABLE_DEBUG_INFO = NO;
				MTL_FAST_MATH = YES;
				SDKROOT = iphoneos;
				SWIFT_COMPILATION_MODE = wholemodule;
				SWIFT_OPTIMIZATION_LEVEL = "-O";
				VALIDATE_PRODUCT = YES;
			};
			name = Release;
		};
		59AF47C92334735E001E89E1 /* Debug */ = {
			isa = XCBuildConfiguration;
			buildSettings = {
				ASSETCATALOG_COMPILER_APPICON_NAME = AppIcon;
				CODE_SIGN_STYLE = Automatic;
				DEVELOPMENT_TEAM = B2WCAFNF8H;
				INFOPLIST_FILE = realWorld/Info.plist;
				IPHONEOS_DEPLOYMENT_TARGET = 12.0;
				LD_RUNPATH_SEARCH_PATHS = (
					"$(inherited)",
					"@executable_path/Frameworks",
				);
				PRODUCT_BUNDLE_IDENTIFIER = "aiQG-.realWorld";
				PRODUCT_NAME = "$(TARGET_NAME)";
				SWIFT_VERSION = 5.0;
				TARGETED_DEVICE_FAMILY = "1,2";
			};
			name = Debug;
		};
		59AF47CA2334735E001E89E1 /* Release */ = {
			isa = XCBuildConfiguration;
			buildSettings = {
				ASSETCATALOG_COMPILER_APPICON_NAME = AppIcon;
				CODE_SIGN_STYLE = Automatic;
				DEVELOPMENT_TEAM = B2WCAFNF8H;
				INFOPLIST_FILE = realWorld/Info.plist;
				IPHONEOS_DEPLOYMENT_TARGET = 12.0;
				LD_RUNPATH_SEARCH_PATHS = (
					"$(inherited)",
					"@executable_path/Frameworks",
				);
				PRODUCT_BUNDLE_IDENTIFIER = "aiQG-.realWorld";
				PRODUCT_NAME = "$(TARGET_NAME)";
				SWIFT_VERSION = 5.0;
				TARGETED_DEVICE_FAMILY = "1,2";
			};
			name = Release;
		};
		59AF47CC2334735E001E89E1 /* Debug */ = {
			isa = XCBuildConfiguration;
			buildSettings = {
				ALWAYS_EMBED_SWIFT_STANDARD_LIBRARIES = YES;
				BUNDLE_LOADER = "$(TEST_HOST)";
				CODE_SIGN_STYLE = Automatic;
				DEVELOPMENT_TEAM = B2WCAFNF8H;
				INFOPLIST_FILE = realWorldTests/Info.plist;
				LD_RUNPATH_SEARCH_PATHS = (
					"$(inherited)",
					"@executable_path/Frameworks",
					"@loader_path/Frameworks",
				);
				PRODUCT_BUNDLE_IDENTIFIER = "aiQG-.realWorldTests";
				PRODUCT_NAME = "$(TARGET_NAME)";
				SWIFT_VERSION = 5.0;
				TARGETED_DEVICE_FAMILY = "1,2";
				TEST_HOST = "$(BUILT_PRODUCTS_DIR)/realWorld.app/realWorld";
			};
			name = Debug;
		};
		59AF47CD2334735E001E89E1 /* Release */ = {
			isa = XCBuildConfiguration;
			buildSettings = {
				ALWAYS_EMBED_SWIFT_STANDARD_LIBRARIES = YES;
				BUNDLE_LOADER = "$(TEST_HOST)";
				CODE_SIGN_STYLE = Automatic;
				DEVELOPMENT_TEAM = B2WCAFNF8H;
				INFOPLIST_FILE = realWorldTests/Info.plist;
				LD_RUNPATH_SEARCH_PATHS = (
					"$(inherited)",
					"@executable_path/Frameworks",
					"@loader_path/Frameworks",
				);
				PRODUCT_BUNDLE_IDENTIFIER = "aiQG-.realWorldTests";
				PRODUCT_NAME = "$(TARGET_NAME)";
				SWIFT_VERSION = 5.0;
				TARGETED_DEVICE_FAMILY = "1,2";
				TEST_HOST = "$(BUILT_PRODUCTS_DIR)/realWorld.app/realWorld";
			};
			name = Release;
		};
		59AF47CF2334735E001E89E1 /* Debug */ = {
			isa = XCBuildConfiguration;
			buildSettings = {
				ALWAYS_EMBED_SWIFT_STANDARD_LIBRARIES = YES;
				CODE_SIGN_STYLE = Automatic;
				DEVELOPMENT_TEAM = B2WCAFNF8H;
				INFOPLIST_FILE = realWorldUITests/Info.plist;
				LD_RUNPATH_SEARCH_PATHS = (
					"$(inherited)",
					"@executable_path/Frameworks",
					"@loader_path/Frameworks",
				);
				PRODUCT_BUNDLE_IDENTIFIER = "aiQG-.realWorldUITests";
				PRODUCT_NAME = "$(TARGET_NAME)";
				SWIFT_VERSION = 5.0;
				TARGETED_DEVICE_FAMILY = "1,2";
				TEST_TARGET_NAME = realWorld;
			};
			name = Debug;
		};
		59AF47D02334735E001E89E1 /* Release */ = {
			isa = XCBuildConfiguration;
			buildSettings = {
				ALWAYS_EMBED_SWIFT_STANDARD_LIBRARIES = YES;
				CODE_SIGN_STYLE = Automatic;
				DEVELOPMENT_TEAM = B2WCAFNF8H;
				INFOPLIST_FILE = realWorldUITests/Info.plist;
				LD_RUNPATH_SEARCH_PATHS = (
					"$(inherited)",
					"@executable_path/Frameworks",
					"@loader_path/Frameworks",
				);
				PRODUCT_BUNDLE_IDENTIFIER = "aiQG-.realWorldUITests";
				PRODUCT_NAME = "$(TARGET_NAME)";
				SWIFT_VERSION = 5.0;
				TARGETED_DEVICE_FAMILY = "1,2";
				TEST_TARGET_NAME = realWorld;
			};
			name = Release;
		};
/* End XCBuildConfiguration section */

/* Begin XCConfigurationList section */
		59AF479B2334735D001E89E1 /* Build configuration list for PBXProject "realWorld" */ = {
			isa = XCConfigurationList;
			buildConfigurations = (
				59AF47C62334735E001E89E1 /* Debug */,
				59AF47C72334735E001E89E1 /* Release */,
			);
			defaultConfigurationIsVisible = 0;
			defaultConfigurationName = Release;
		};
		59AF47C82334735E001E89E1 /* Build configuration list for PBXNativeTarget "realWorld" */ = {
			isa = XCConfigurationList;
			buildConfigurations = (
				59AF47C92334735E001E89E1 /* Debug */,
				59AF47CA2334735E001E89E1 /* Release */,
			);
			defaultConfigurationIsVisible = 0;
			defaultConfigurationName = Release;
		};
		59AF47CB2334735E001E89E1 /* Build configuration list for PBXNativeTarget "realWorldTests" */ = {
			isa = XCConfigurationList;
			buildConfigurations = (
				59AF47CC2334735E001E89E1 /* Debug */,
				59AF47CD2334735E001E89E1 /* Release */,
			);
			defaultConfigurationIsVisible = 0;
			defaultConfigurationName = Release;
		};
		59AF47CE2334735E001E89E1 /* Build configuration list for PBXNativeTarget "realWorldUITests" */ = {
			isa = XCConfigurationList;
			buildConfigurations = (
				59AF47CF2334735E001E89E1 /* Debug */,
				59AF47D02334735E001E89E1 /* Release */,
			);
			defaultConfigurationIsVisible = 0;
			defaultConfigurationName = Release;
		};
/* End XCConfigurationList section */
	};
	rootObject = 59AF47982334735D001E89E1 /* Project object */;
}
